
Microsoft Visual Studio Solution File, Format Version 12.00
# Visual Studio Version 16
VisualStudioVersion = 16.0.30204.135
MinimumVisualStudioVersion = 10.0.40219.1
Project("{FAE04EC0-301F-11D3-BF4B-00C04F79EFBC}") = "ComplianceTool", "ComplianceTool\ComplianceTool.csproj", "{4949585B-0B00-4218-A005-7A5245623E0B}"
EndProject
Global
	GlobalSection(SolutionConfigurationPlatforms) = preSolution
		Debug|Any CPU = Debug|Any CPU
		Release|Any CPU = Release|Any CPU
	EndGlobalSection
	GlobalSection(ProjectConfigurationPlatforms) = postSolution
		{4949585B-0B00-4218-A005-7A5245623E0B}.Debug|Any CPU.ActiveCfg = Debug|Any CPU
		{4949585B-0B00-4218-A005-7A5245623E0B}.Debug|Any CPU.Build.0 = Debug|Any CPU
		{4949585B-0B00-4218-A005-7A5245623E0B}.Release|Any CPU.ActiveCfg = Release|Any CPU
		{4949585B-0B00-4218-A005-7A5245623E0B}.Release|Any CPU.Build.0 = Release|Any CPU
	EndGlobalSection
	GlobalSection(SolutionProperties) = preSolution
		HideSolutionNode = FALSE
	EndGlobalSection
	GlobalSection(ExtensibilityGlobals) = postSolution
		SolutionGuid = {467247BF-AAA8-4E82-932F-6703A960CC20}
	EndGlobalSection
EndGlobal
